
Microsoft Visual Studio Solution File, Format Version 12.00
# Visual Studio 14
VisualStudioVersion = 14.0.23107.0
MinimumVisualStudioVersion = 10.0.40219.1
Project("{2150E333-8FDC-42A3-9474-1A3956D46DE8}") = "src", "src", "{C1352FD3-AE8B-43EE-B45B-F6E0B3FBAC6D}"
EndProject
Project("{2150E333-8FDC-42A3-9474-1A3956D46DE8}") = "samples", "samples", "{BAC7067D-88FE-4385-8AC9-1A325FFBDE69}"
EndProject
Project("{8BB2217D-0F2D-49D1-97BC-3654ED321F3B}") = "AspNet.Security.OAuth.GitHub", "src\AspNet.Security.OAuth.GitHub\AspNet.Security.OAuth.GitHub.xproj", "{9DFEE19E-C170-4F20-93F3-EC952B1532F2}"
EndProject
Project("{8BB2217D-0F2D-49D1-97BC-3654ED321F3B}") = "Mvc.Client", "samples\Mvc.Client\Mvc.Client.xproj", "{68631868-902A-46FB-9A44-BACF1812FBDE}"
EndProject
Project("{8BB2217D-0F2D-49D1-97BC-3654ED321F3B}") = "AspNet.Security.OAuth.Extensions", "src\AspNet.Security.OAuth.Extensions\AspNet.Security.OAuth.Extensions.xproj", "{FE52A431-57AD-45FA-AA59-C63CB6EA3F31}"
EndProject
Project("{8BB2217D-0F2D-49D1-97BC-3654ED321F3B}") = "AspNet.Security.OAuth.LinkedIn", "src\AspNet.Security.OAuth.LinkedIn\AspNet.Security.OAuth.LinkedIn.xproj", "{0351689C-EAB7-42D0-966F-4021B89EF553}"
EndProject
Project("{8BB2217D-0F2D-49D1-97BC-3654ED321F3B}") = "AspNet.Security.OAuth.WordPress", "src\AspNet.Security.OAuth.WordPress\AspNet.Security.OAuth.WordPress.xproj", "{38E5DB77-7F35-4E3C-9719-8A25CE4130CA}"
EndProject
Project("{8BB2217D-0F2D-49D1-97BC-3654ED321F3B}") = "AspNet.Security.OAuth.Yahoo", "src\AspNet.Security.OAuth.Yahoo\AspNet.Security.OAuth.Yahoo.xproj", "{F79E8D15-F296-424C-A50E-AE39EB2C609F}"
EndProject
Project("{8BB2217D-0F2D-49D1-97BC-3654ED321F3B}") = "AspNet.Security.OAuth.Fitbit", "src\AspNet.Security.OAuth.Fitbit\AspNet.Security.OAuth.Fitbit.xproj", "{BE72BFAD-2B7A-43D6-9B75-21456852C63A}"
EndProject
Project("{8BB2217D-0F2D-49D1-97BC-3654ED321F3B}") = "AspNet.Security.OAuth.DeviantArt", "src\AspNet.Security.OAuth.DeviantArt\AspNet.Security.OAuth.DeviantArt.xproj", "{9E09DCBC-20DB-4CD8-8A6D-5FA1958EEF14}"
EndProject
Project("{8BB2217D-0F2D-49D1-97BC-3654ED321F3B}") = "AspNet.Security.OAuth.Reddit", "src\AspNet.Security.OAuth.Reddit\AspNet.Security.OAuth.Reddit.xproj", "{43FDCE3F-5554-48EF-BB3D-1E8E7022E0C6}"
EndProject
Project("{8BB2217D-0F2D-49D1-97BC-3654ED321F3B}") = "AspNet.Security.OAuth.Spotify", "src\AspNet.Security.OAuth.Spotify\AspNet.Security.OAuth.Spotify.xproj", "{535CD0A4-2117-4576-8552-4188D7E8E3D4}"
EndProject
Project("{8BB2217D-0F2D-49D1-97BC-3654ED321F3B}") = "AspNet.Security.OAuth.Slack", "src\AspNet.Security.OAuth.Slack\AspNet.Security.OAuth.Slack.xproj", "{95266F79-613A-42C4-96E2-E1435AD9ED6E}"
EndProject
Project("{8BB2217D-0F2D-49D1-97BC-3654ED321F3B}") = "AspNet.Security.OAuth.Imgur", "src\AspNet.Security.OAuth.Imgur\AspNet.Security.OAuth.Imgur.xproj", "{E323D375-7972-4892-AD38-CEB8F512F3D2}"
EndProject
Project("{8BB2217D-0F2D-49D1-97BC-3654ED321F3B}") = "AspNet.Security.OAuth.Onshape", "src\AspNet.Security.OAuth.Onshape\AspNet.Security.OAuth.Onshape.xproj", "{4D3B96B2-89A2-4069-A758-E3547B76666A}"
EndProject
Global
	GlobalSection(SolutionConfigurationPlatforms) = preSolution
		Debug|Any CPU = Debug|Any CPU
		Release|Any CPU = Release|Any CPU
	EndGlobalSection
	GlobalSection(ProjectConfigurationPlatforms) = postSolution
		{9DFEE19E-C170-4F20-93F3-EC952B1532F2}.Debug|Any CPU.ActiveCfg = Debug|Any CPU
		{9DFEE19E-C170-4F20-93F3-EC952B1532F2}.Debug|Any CPU.Build.0 = Debug|Any CPU
		{9DFEE19E-C170-4F20-93F3-EC952B1532F2}.Release|Any CPU.ActiveCfg = Release|Any CPU
		{9DFEE19E-C170-4F20-93F3-EC952B1532F2}.Release|Any CPU.Build.0 = Release|Any CPU
		{68631868-902A-46FB-9A44-BACF1812FBDE}.Debug|Any CPU.ActiveCfg = Debug|Any CPU
		{68631868-902A-46FB-9A44-BACF1812FBDE}.Debug|Any CPU.Build.0 = Debug|Any CPU
		{68631868-902A-46FB-9A44-BACF1812FBDE}.Release|Any CPU.ActiveCfg = Release|Any CPU
		{68631868-902A-46FB-9A44-BACF1812FBDE}.Release|Any CPU.Build.0 = Release|Any CPU
		{FE52A431-57AD-45FA-AA59-C63CB6EA3F31}.Debug|Any CPU.ActiveCfg = Debug|Any CPU
		{FE52A431-57AD-45FA-AA59-C63CB6EA3F31}.Debug|Any CPU.Build.0 = Debug|Any CPU
		{FE52A431-57AD-45FA-AA59-C63CB6EA3F31}.Release|Any CPU.ActiveCfg = Release|Any CPU
		{FE52A431-57AD-45FA-AA59-C63CB6EA3F31}.Release|Any CPU.Build.0 = Release|Any CPU
		{0351689C-EAB7-42D0-966F-4021B89EF553}.Debug|Any CPU.ActiveCfg = Debug|Any CPU
		{0351689C-EAB7-42D0-966F-4021B89EF553}.Debug|Any CPU.Build.0 = Debug|Any CPU
		{0351689C-EAB7-42D0-966F-4021B89EF553}.Release|Any CPU.ActiveCfg = Release|Any CPU
		{0351689C-EAB7-42D0-966F-4021B89EF553}.Release|Any CPU.Build.0 = Release|Any CPU
		{38E5DB77-7F35-4E3C-9719-8A25CE4130CA}.Debug|Any CPU.ActiveCfg = Debug|Any CPU
		{38E5DB77-7F35-4E3C-9719-8A25CE4130CA}.Debug|Any CPU.Build.0 = Debug|Any CPU
		{38E5DB77-7F35-4E3C-9719-8A25CE4130CA}.Release|Any CPU.ActiveCfg = Release|Any CPU
		{38E5DB77-7F35-4E3C-9719-8A25CE4130CA}.Release|Any CPU.Build.0 = Release|Any CPU
		{F79E8D15-F296-424C-A50E-AE39EB2C609F}.Debug|Any CPU.ActiveCfg = Debug|Any CPU
		{F79E8D15-F296-424C-A50E-AE39EB2C609F}.Debug|Any CPU.Build.0 = Debug|Any CPU
		{F79E8D15-F296-424C-A50E-AE39EB2C609F}.Release|Any CPU.ActiveCfg = Release|Any CPU
		{F79E8D15-F296-424C-A50E-AE39EB2C609F}.Release|Any CPU.Build.0 = Release|Any CPU
		{BE72BFAD-2B7A-43D6-9B75-21456852C63A}.Debug|Any CPU.ActiveCfg = Debug|Any CPU
		{BE72BFAD-2B7A-43D6-9B75-21456852C63A}.Debug|Any CPU.Build.0 = Debug|Any CPU
		{BE72BFAD-2B7A-43D6-9B75-21456852C63A}.Release|Any CPU.ActiveCfg = Release|Any CPU
		{BE72BFAD-2B7A-43D6-9B75-21456852C63A}.Release|Any CPU.Build.0 = Release|Any CPU
		{9E09DCBC-20DB-4CD8-8A6D-5FA1958EEF14}.Debug|Any CPU.ActiveCfg = Debug|Any CPU
		{9E09DCBC-20DB-4CD8-8A6D-5FA1958EEF14}.Debug|Any CPU.Build.0 = Debug|Any CPU
		{9E09DCBC-20DB-4CD8-8A6D-5FA1958EEF14}.Release|Any CPU.ActiveCfg = Release|Any CPU
		{9E09DCBC-20DB-4CD8-8A6D-5FA1958EEF14}.Release|Any CPU.Build.0 = Release|Any CPU
		{43FDCE3F-5554-48EF-BB3D-1E8E7022E0C6}.Debug|Any CPU.ActiveCfg = Debug|Any CPU
		{43FDCE3F-5554-48EF-BB3D-1E8E7022E0C6}.Debug|Any CPU.Build.0 = Debug|Any CPU
		{43FDCE3F-5554-48EF-BB3D-1E8E7022E0C6}.Release|Any CPU.ActiveCfg = Release|Any CPU
		{43FDCE3F-5554-48EF-BB3D-1E8E7022E0C6}.Release|Any CPU.Build.0 = Release|Any CPU
		{535CD0A4-2117-4576-8552-4188D7E8E3D4}.Debug|Any CPU.ActiveCfg = Debug|Any CPU
		{535CD0A4-2117-4576-8552-4188D7E8E3D4}.Debug|Any CPU.Build.0 = Debug|Any CPU
		{535CD0A4-2117-4576-8552-4188D7E8E3D4}.Release|Any CPU.ActiveCfg = Release|Any CPU
		{535CD0A4-2117-4576-8552-4188D7E8E3D4}.Release|Any CPU.Build.0 = Release|Any CPU
		{95266F79-613A-42C4-96E2-E1435AD9ED6E}.Debug|Any CPU.ActiveCfg = Debug|Any CPU
		{95266F79-613A-42C4-96E2-E1435AD9ED6E}.Debug|Any CPU.Build.0 = Debug|Any CPU
		{95266F79-613A-42C4-96E2-E1435AD9ED6E}.Release|Any CPU.ActiveCfg = Release|Any CPU
		{95266F79-613A-42C4-96E2-E1435AD9ED6E}.Release|Any CPU.Build.0 = Release|Any CPU
		{E323D375-7972-4892-AD38-CEB8F512F3D2}.Debug|Any CPU.ActiveCfg = Debug|Any CPU
		{E323D375-7972-4892-AD38-CEB8F512F3D2}.Debug|Any CPU.Build.0 = Debug|Any CPU
		{E323D375-7972-4892-AD38-CEB8F512F3D2}.Release|Any CPU.ActiveCfg = Release|Any CPU
		{E323D375-7972-4892-AD38-CEB8F512F3D2}.Release|Any CPU.Build.0 = Release|Any CPU
		{4D3B96B2-89A2-4069-A758-E3547B76666A}.Debug|Any CPU.ActiveCfg = Debug|Any CPU
		{4D3B96B2-89A2-4069-A758-E3547B76666A}.Debug|Any CPU.Build.0 = Debug|Any CPU
		{4D3B96B2-89A2-4069-A758-E3547B76666A}.Release|Any CPU.ActiveCfg = Release|Any CPU
		{4D3B96B2-89A2-4069-A758-E3547B76666A}.Release|Any CPU.Build.0 = Release|Any CPU
	EndGlobalSection
	GlobalSection(SolutionProperties) = preSolution
		HideSolutionNode = FALSE
	EndGlobalSection
	GlobalSection(NestedProjects) = preSolution
		{9DFEE19E-C170-4F20-93F3-EC952B1532F2} = {C1352FD3-AE8B-43EE-B45B-F6E0B3FBAC6D}
		{68631868-902A-46FB-9A44-BACF1812FBDE} = {BAC7067D-88FE-4385-8AC9-1A325FFBDE69}
		{FE52A431-57AD-45FA-AA59-C63CB6EA3F31} = {C1352FD3-AE8B-43EE-B45B-F6E0B3FBAC6D}
		{0351689C-EAB7-42D0-966F-4021B89EF553} = {C1352FD3-AE8B-43EE-B45B-F6E0B3FBAC6D}
		{38E5DB77-7F35-4E3C-9719-8A25CE4130CA} = {C1352FD3-AE8B-43EE-B45B-F6E0B3FBAC6D}
		{F79E8D15-F296-424C-A50E-AE39EB2C609F} = {C1352FD3-AE8B-43EE-B45B-F6E0B3FBAC6D}
		{BE72BFAD-2B7A-43D6-9B75-21456852C63A} = {C1352FD3-AE8B-43EE-B45B-F6E0B3FBAC6D}
		{9E09DCBC-20DB-4CD8-8A6D-5FA1958EEF14} = {C1352FD3-AE8B-43EE-B45B-F6E0B3FBAC6D}
		{535CD0A4-2117-4576-8552-4188D7E8E3D4} = {C1352FD3-AE8B-43EE-B45B-F6E0B3FBAC6D}
		{95266F79-613A-42C4-96E2-E1435AD9ED6E} = {C1352FD3-AE8B-43EE-B45B-F6E0B3FBAC6D}
		{E323D375-7972-4892-AD38-CEB8F512F3D2} = {C1352FD3-AE8B-43EE-B45B-F6E0B3FBAC6D}
		{43FDCE3F-5554-48EF-BB3D-1E8E7022E0C6} = {C1352FD3-AE8B-43EE-B45B-F6E0B3FBAC6D}
		{4D3B96B2-89A2-4069-A758-E3547B76666A} = {C1352FD3-AE8B-43EE-B45B-F6E0B3FBAC6D}
	EndGlobalSection
EndGlobal
