
Microsoft Visual Studio Solution File, Format Version 12.00
# Visual Studio 15
VisualStudioVersion = 15.0.26430.16
MinimumVisualStudioVersion = 10.0.40219.1
Project("{2150E333-8FDC-42A3-9474-1A3956D46DE8}") = "build", "build", "{8DCAEA78-86AE-4183-93C0-41C7F8850AAA}"
	ProjectSection(SolutionItems) = preProject
		build\common.props = build\common.props
		build\dependencies.props = build\dependencies.props
		build\key.snk = build\key.snk
		build\packages.props = build\packages.props
		build\version.props = build\version.props
	EndProjectSection
EndProject
Project("{2150E333-8FDC-42A3-9474-1A3956D46DE8}") = "src", "src", "{C1352FD3-AE8B-43EE-B45B-F6E0B3FBAC6D}"
EndProject
Project("{2150E333-8FDC-42A3-9474-1A3956D46DE8}") = "samples", "samples", "{BAC7067D-88FE-4385-8AC9-1A325FFBDE69}"
EndProject
Project("{9A19103F-16F7-4668-BE54-9A1E7A4F7556}") = "AspNet.Security.OAuth.GitHub", "src\AspNet.Security.OAuth.GitHub\AspNet.Security.OAuth.GitHub.csproj", "{9DFEE19E-C170-4F20-93F3-EC952B1532F2}"
EndProject
Project("{9A19103F-16F7-4668-BE54-9A1E7A4F7556}") = "Mvc.Client", "samples\Mvc.Client\Mvc.Client.csproj", "{68631868-902A-46FB-9A44-BACF1812FBDE}"
EndProject
Project("{9A19103F-16F7-4668-BE54-9A1E7A4F7556}") = "AspNet.Security.OAuth.LinkedIn", "src\AspNet.Security.OAuth.LinkedIn\AspNet.Security.OAuth.LinkedIn.csproj", "{0351689C-EAB7-42D0-966F-4021B89EF553}"
EndProject
Project("{9A19103F-16F7-4668-BE54-9A1E7A4F7556}") = "AspNet.Security.OAuth.WordPress", "src\AspNet.Security.OAuth.WordPress\AspNet.Security.OAuth.WordPress.csproj", "{38E5DB77-7F35-4E3C-9719-8A25CE4130CA}"
EndProject
Project("{9A19103F-16F7-4668-BE54-9A1E7A4F7556}") = "AspNet.Security.OAuth.Yahoo", "src\AspNet.Security.OAuth.Yahoo\AspNet.Security.OAuth.Yahoo.csproj", "{F79E8D15-F296-424C-A50E-AE39EB2C609F}"
EndProject
Project("{9A19103F-16F7-4668-BE54-9A1E7A4F7556}") = "AspNet.Security.OAuth.Fitbit", "src\AspNet.Security.OAuth.Fitbit\AspNet.Security.OAuth.Fitbit.csproj", "{BE72BFAD-2B7A-43D6-9B75-21456852C63A}"
EndProject
Project("{9A19103F-16F7-4668-BE54-9A1E7A4F7556}") = "AspNet.Security.OAuth.DeviantArt", "src\AspNet.Security.OAuth.DeviantArt\AspNet.Security.OAuth.DeviantArt.csproj", "{9E09DCBC-20DB-4CD8-8A6D-5FA1958EEF14}"
EndProject
Project("{9A19103F-16F7-4668-BE54-9A1E7A4F7556}") = "AspNet.Security.OAuth.Twitch", "src\AspNet.Security.OAuth.Twitch\AspNet.Security.OAuth.Twitch.csproj", "{01CFAA4D-C8E9-45A3-B8A6-3AF0BEC9048C}"
EndProject
Project("{9A19103F-16F7-4668-BE54-9A1E7A4F7556}") = "AspNet.Security.OAuth.Reddit", "src\AspNet.Security.OAuth.Reddit\AspNet.Security.OAuth.Reddit.csproj", "{43FDCE3F-5554-48EF-BB3D-1E8E7022E0C6}"
EndProject
Project("{9A19103F-16F7-4668-BE54-9A1E7A4F7556}") = "AspNet.Security.OAuth.Spotify", "src\AspNet.Security.OAuth.Spotify\AspNet.Security.OAuth.Spotify.csproj", "{535CD0A4-2117-4576-8552-4188D7E8E3D4}"
EndProject
Project("{9A19103F-16F7-4668-BE54-9A1E7A4F7556}") = "AspNet.Security.OAuth.Slack", "src\AspNet.Security.OAuth.Slack\AspNet.Security.OAuth.Slack.csproj", "{95266F79-613A-42C4-96E2-E1435AD9ED6E}"
EndProject
Project("{9A19103F-16F7-4668-BE54-9A1E7A4F7556}") = "AspNet.Security.OAuth.Imgur", "src\AspNet.Security.OAuth.Imgur\AspNet.Security.OAuth.Imgur.csproj", "{E323D375-7972-4892-AD38-CEB8F512F3D2}"
EndProject
Project("{9A19103F-16F7-4668-BE54-9A1E7A4F7556}") = "AspNet.Security.OAuth.Onshape", "src\AspNet.Security.OAuth.Onshape\AspNet.Security.OAuth.Onshape.csproj", "{4D3B96B2-89A2-4069-A758-E3547B76666A}"
EndProject
Project("{9A19103F-16F7-4668-BE54-9A1E7A4F7556}") = "AspNet.Security.OAuth.Buffer", "src\AspNet.Security.OAuth.Buffer\AspNet.Security.OAuth.Buffer.csproj", "{9538F27E-1E40-41DB-B478-39E0458B933F}"
EndProject
Project("{9A19103F-16F7-4668-BE54-9A1E7A4F7556}") = "AspNet.Security.OAuth.Dropbox", "src\AspNet.Security.OAuth.Dropbox\AspNet.Security.OAuth.Dropbox.csproj", "{D506276B-5719-474A-A868-15ED65B4D3B6}"
EndProject
Project("{9A19103F-16F7-4668-BE54-9A1E7A4F7556}") = "AspNet.Security.OAuth.Foursquare", "src\AspNet.Security.OAuth.Foursquare\AspNet.Security.OAuth.Foursquare.csproj", "{A0F9AC43-6E42-4E92-92A3-85C2E5CC0986}"
EndProject
Project("{9A19103F-16F7-4668-BE54-9A1E7A4F7556}") = "AspNet.Security.OAuth.Asana", "src\AspNet.Security.OAuth.Asana\AspNet.Security.OAuth.Asana.csproj", "{DC58F830-EEE1-45BE-B5F4-AB2222E744A5}"
EndProject
Project("{9A19103F-16F7-4668-BE54-9A1E7A4F7556}") = "AspNet.Security.OAuth.BattleNet", "src\AspNet.Security.OAuth.BattleNet\AspNet.Security.OAuth.BattleNet.csproj", "{6299EB3E-5E8C-4D54-AAEB-7B825C96411E}"
EndProject
Project("{9A19103F-16F7-4668-BE54-9A1E7A4F7556}") = "AspNet.Security.OAuth.HealthGraph", "src\AspNet.Security.OAuth.HealthGraph\AspNet.Security.OAuth.HealthGraph.csproj", "{C20BE880-52CB-491C-977C-F08702376766}"
EndProject
Project("{9A19103F-16F7-4668-BE54-9A1E7A4F7556}") = "AspNet.Security.OAuth.SoundCloud", "src\AspNet.Security.OAuth.SoundCloud\AspNet.Security.OAuth.SoundCloud.csproj", "{6BC54AC2-5273-417E-B7E5-EF990F7A4A37}"
EndProject
Project("{9A19103F-16F7-4668-BE54-9A1E7A4F7556}") = "AspNet.Security.OAuth.Instagram", "src\AspNet.Security.OAuth.Instagram\AspNet.Security.OAuth.Instagram.csproj", "{244F6383-BD8E-4B32-8741-F2F114499B1A}"
EndProject
Project("{9A19103F-16F7-4668-BE54-9A1E7A4F7556}") = "AspNet.Security.OAuth.Beam", "src\AspNet.Security.OAuth.Beam\AspNet.Security.OAuth.Beam.csproj", "{5D24AAFC-5E31-45B6-A5C0-F2BAC88F3E20}"
EndProject
Project("{9A19103F-16F7-4668-BE54-9A1E7A4F7556}") = "AspNet.Security.OAuth.Paypal", "src\AspNet.Security.OAuth.Paypal\AspNet.Security.OAuth.Paypal.csproj", "{9AA5F2CD-3AC4-4177-A8FE-82D67A0F36AC}"
EndProject
Project("{9A19103F-16F7-4668-BE54-9A1E7A4F7556}") = "AspNet.Security.OAuth.Vimeo", "src\AspNet.Security.OAuth.Vimeo\AspNet.Security.OAuth.Vimeo.csproj", "{AC651C2B-C879-41E2-96E0-78D3F0888246}"
EndProject
Project("{9A19103F-16F7-4668-BE54-9A1E7A4F7556}") = "AspNet.Security.OAuth.ArcGIS", "src\AspNet.Security.OAuth.ArcGIS\AspNet.Security.OAuth.ArcGIS.csproj", "{1302E67D-5448-407B-8B8D-709A0BA458E8}"
EndProject
Project("{9A19103F-16F7-4668-BE54-9A1E7A4F7556}") = "AspNet.Security.OAuth.Salesforce", "src\AspNet.Security.OAuth.Salesforce\AspNet.Security.OAuth.Salesforce.csproj", "{5881BB63-89BD-4397-A61C-69B1844F7615}"
EndProject
Project("{9A19103F-16F7-4668-BE54-9A1E7A4F7556}") = "AspNet.Security.OAuth.Gitter", "src\AspNet.Security.OAuth.Gitter\AspNet.Security.OAuth.Gitter.csproj", "{EDD1BA76-D656-4513-BC65-FEC688CBB9F8}"
EndProject
Project("{9A19103F-16F7-4668-BE54-9A1E7A4F7556}") = "AspNet.Security.OAuth.Vkontakte", "src\AspNet.Security.OAuth.Vkontakte\AspNet.Security.OAuth.Vkontakte.csproj", "{B332222F-43B4-4B3E-8EB3-9BCE29901043}"
EndProject
Project("{9A19103F-16F7-4668-BE54-9A1E7A4F7556}") = "AspNet.Security.OAuth.Automatic", "src\AspNet.Security.OAuth.Automatic\AspNet.Security.OAuth.Automatic.csproj", "{DD97337C-37C6-4F0E-A392-2DAD59246616}"
EndProject
Project("{9A19103F-16F7-4668-BE54-9A1E7A4F7556}") = "AspNet.Security.OAuth.EVEOnline", "src\AspNet.Security.OAuth.EVEOnline\AspNet.Security.OAuth.EVEOnline.csproj", "{B953D0C1-4C31-489D-A6C6-56A7C60AA3C6}"
EndProject
Project("{9A19103F-16F7-4668-BE54-9A1E7A4F7556}") = "AspNet.Security.OAuth.CiscoSpark", "src\AspNet.Security.OAuth.CiscoSpark\AspNet.Security.OAuth.CiscoSpark.csproj", "{571B6C99-2EE7-4300-9E0D-20A3A9C36647}"
EndProject
Project("{9A19103F-16F7-4668-BE54-9A1E7A4F7556}") = "AspNet.Security.OAuth.VisualStudio", "src\AspNet.Security.OAuth.VisualStudio\AspNet.Security.OAuth.VisualStudio.csproj", "{6CD2697C-CF93-4A00-8ABF-D3EFF0B9DFF9}"
EndProject
Project("{9A19103F-16F7-4668-BE54-9A1E7A4F7556}") = "AspNet.Security.OAuth.Myob", "src\AspNet.Security.OAuth.Myob\AspNet.Security.OAuth.Myob.csproj", "{6FE602FD-DD5F-4BE3-807C-9B13D3B718CE}"
EndProject
Project("{9A19103F-16F7-4668-BE54-9A1E7A4F7556}") = "AspNet.Security.OAuth.StackExchange", "src\AspNet.Security.OAuth.StackExchange\AspNet.Security.OAuth.StackExchange.csproj", "{AA05963A-91BA-4B9D-A532-B280E5A9AB88}"
EndProject
Project("{9A19103F-16F7-4668-BE54-9A1E7A4F7556}") = "AspNet.Security.OAuth.Yammer", "src\AspNet.Security.OAuth.Yammer\AspNet.Security.OAuth.Yammer.csproj", "{D0713EFF-8FBA-4145-8E57-5DF1CFBBC0EF}"
EndProject
Project("{9A19103F-16F7-4668-BE54-9A1E7A4F7556}") = "AspNet.Security.OAuth.Strava", "src\AspNet.Security.OAuth.Strava\AspNet.Security.OAuth.Strava.csproj", "{F276EB53-7758-4CEE-8013-61BA537B94C6}"
EndProject
Project("{9A19103F-16F7-4668-BE54-9A1E7A4F7556}") = "AspNet.Security.OAuth.Untappd", "src\AspNet.Security.OAuth.Untappd\AspNet.Security.OAuth.Untappd.csproj", "{C17F7C35-4CAD-408F-9031-44EF1A3CC379}"
EndProject
Project("{9A19103F-16F7-4668-BE54-9A1E7A4F7556}") = "AspNet.Security.OAuth.MailChimp", "src\AspNet.Security.OAuth.MailChimp\AspNet.Security.OAuth.MailChimp.csproj", "{337B29EB-54B4-43BF-8ADC-A5B3D11538AF}"
EndProject
Project("{9A19103F-16F7-4668-BE54-9A1E7A4F7556}") = "AspNet.Security.OAuth.Autodesk", "src\AspNet.Security.OAuth.Autodesk\AspNet.Security.OAuth.Autodesk.csproj", "{92406BD8-0270-4BF9-B860-D1AE6508DF8C}"
EndProject
Project("{9A19103F-16F7-4668-BE54-9A1E7A4F7556}") = "AspNet.Security.OAuth.Yandex", "src\AspNet.Security.OAuth.Yandex\AspNet.Security.OAuth.Yandex.csproj", "{15B9B8C8-6935-423A-9328-E5D5E48F26AA}"
EndProject
Project("{9A19103F-16F7-4668-BE54-9A1E7A4F7556}") = "AspNet.Security.OAuth.Weibo", "src\AspNet.Security.OAuth.Weibo\AspNet.Security.OAuth.Weibo.csproj", "{2E69E8B9-6D16-4B81-B9A7-9EB106A75D8C}"
EndProject
Project("{9A19103F-16F7-4668-BE54-9A1E7A4F7556}") = "AspNet.Security.OAuth.Weixin", "src\AspNet.Security.OAuth.Weixin\AspNet.Security.OAuth.Weixin.csproj", "{4B03B049-8D29-4C8A-BA00-88B93D3C0BC1}"
EndProject
Project("{9A19103F-16F7-4668-BE54-9A1E7A4F7556}") = "AspNet.Security.OAuth.Bitbucket", "src\AspNet.Security.OAuth.Bitbucket\AspNet.Security.OAuth.Bitbucket.csproj", "{9AC900E8-6D03-412B-8D9B-302FD0FBD059}"
EndProject
Project("{9A19103F-16F7-4668-BE54-9A1E7A4F7556}") = "AspNet.Security.OAuth.Amazon", "src\AspNet.Security.OAuth.Amazon\AspNet.Security.OAuth.Amazon.csproj", "{C66A6EDB-D29A-49EE-841E-75F239DE5A04}"
EndProject
Project("{9A19103F-16F7-4668-BE54-9A1E7A4F7556}") = "AspNet.Security.OAuth.Discord", "src\AspNet.Security.OAuth.Discord\AspNet.Security.OAuth.Discord.csproj", "{86614CB9-0768-40BF-8C27-699E3990B733}"
EndProject
Project("{9A19103F-16F7-4668-BE54-9A1E7A4F7556}") = "AspNet.Security.OAuth.Patreon", "src\AspNet.Security.OAuth.Patreon\AspNet.Security.OAuth.Patreon.csproj", "{ED8A220C-45FE-45C6-9B8F-BB009ACE972E}"
EndProject
Project("{9A19103F-16F7-4668-BE54-9A1E7A4F7556}") = "AspNet.Security.OAuth.QQ", "src\AspNet.Security.OAuth.QQ\AspNet.Security.OAuth.QQ.csproj", "{7C2E82CE-F6EC-41A8-AA22-3466505F95D8}"
EndProject
Global
	GlobalSection(SolutionConfigurationPlatforms) = preSolution
		Debug|Any CPU = Debug|Any CPU
		Release|Any CPU = Release|Any CPU
	EndGlobalSection
	GlobalSection(ProjectConfigurationPlatforms) = postSolution
		{9DFEE19E-C170-4F20-93F3-EC952B1532F2}.Debug|Any CPU.ActiveCfg = Debug|Any CPU
		{9DFEE19E-C170-4F20-93F3-EC952B1532F2}.Debug|Any CPU.Build.0 = Debug|Any CPU
		{9DFEE19E-C170-4F20-93F3-EC952B1532F2}.Release|Any CPU.ActiveCfg = Release|Any CPU
		{9DFEE19E-C170-4F20-93F3-EC952B1532F2}.Release|Any CPU.Build.0 = Release|Any CPU
		{68631868-902A-46FB-9A44-BACF1812FBDE}.Debug|Any CPU.ActiveCfg = Debug|Any CPU
		{68631868-902A-46FB-9A44-BACF1812FBDE}.Debug|Any CPU.Build.0 = Debug|Any CPU
		{68631868-902A-46FB-9A44-BACF1812FBDE}.Release|Any CPU.ActiveCfg = Release|Any CPU
		{68631868-902A-46FB-9A44-BACF1812FBDE}.Release|Any CPU.Build.0 = Release|Any CPU
		{0351689C-EAB7-42D0-966F-4021B89EF553}.Debug|Any CPU.ActiveCfg = Debug|Any CPU
		{0351689C-EAB7-42D0-966F-4021B89EF553}.Debug|Any CPU.Build.0 = Debug|Any CPU
		{0351689C-EAB7-42D0-966F-4021B89EF553}.Release|Any CPU.ActiveCfg = Release|Any CPU
		{0351689C-EAB7-42D0-966F-4021B89EF553}.Release|Any CPU.Build.0 = Release|Any CPU
		{38E5DB77-7F35-4E3C-9719-8A25CE4130CA}.Debug|Any CPU.ActiveCfg = Debug|Any CPU
		{38E5DB77-7F35-4E3C-9719-8A25CE4130CA}.Debug|Any CPU.Build.0 = Debug|Any CPU
		{38E5DB77-7F35-4E3C-9719-8A25CE4130CA}.Release|Any CPU.ActiveCfg = Release|Any CPU
		{38E5DB77-7F35-4E3C-9719-8A25CE4130CA}.Release|Any CPU.Build.0 = Release|Any CPU
		{F79E8D15-F296-424C-A50E-AE39EB2C609F}.Debug|Any CPU.ActiveCfg = Debug|Any CPU
		{F79E8D15-F296-424C-A50E-AE39EB2C609F}.Debug|Any CPU.Build.0 = Debug|Any CPU
		{F79E8D15-F296-424C-A50E-AE39EB2C609F}.Release|Any CPU.ActiveCfg = Release|Any CPU
		{F79E8D15-F296-424C-A50E-AE39EB2C609F}.Release|Any CPU.Build.0 = Release|Any CPU
		{BE72BFAD-2B7A-43D6-9B75-21456852C63A}.Debug|Any CPU.ActiveCfg = Debug|Any CPU
		{BE72BFAD-2B7A-43D6-9B75-21456852C63A}.Debug|Any CPU.Build.0 = Debug|Any CPU
		{BE72BFAD-2B7A-43D6-9B75-21456852C63A}.Release|Any CPU.ActiveCfg = Release|Any CPU
		{BE72BFAD-2B7A-43D6-9B75-21456852C63A}.Release|Any CPU.Build.0 = Release|Any CPU
		{9E09DCBC-20DB-4CD8-8A6D-5FA1958EEF14}.Debug|Any CPU.ActiveCfg = Debug|Any CPU
		{9E09DCBC-20DB-4CD8-8A6D-5FA1958EEF14}.Debug|Any CPU.Build.0 = Debug|Any CPU
		{9E09DCBC-20DB-4CD8-8A6D-5FA1958EEF14}.Release|Any CPU.ActiveCfg = Release|Any CPU
		{9E09DCBC-20DB-4CD8-8A6D-5FA1958EEF14}.Release|Any CPU.Build.0 = Release|Any CPU
		{01CFAA4D-C8E9-45A3-B8A6-3AF0BEC9048C}.Debug|Any CPU.ActiveCfg = Debug|Any CPU
		{01CFAA4D-C8E9-45A3-B8A6-3AF0BEC9048C}.Debug|Any CPU.Build.0 = Debug|Any CPU
		{01CFAA4D-C8E9-45A3-B8A6-3AF0BEC9048C}.Release|Any CPU.ActiveCfg = Release|Any CPU
		{01CFAA4D-C8E9-45A3-B8A6-3AF0BEC9048C}.Release|Any CPU.Build.0 = Release|Any CPU
		{43FDCE3F-5554-48EF-BB3D-1E8E7022E0C6}.Debug|Any CPU.ActiveCfg = Debug|Any CPU
		{43FDCE3F-5554-48EF-BB3D-1E8E7022E0C6}.Debug|Any CPU.Build.0 = Debug|Any CPU
		{43FDCE3F-5554-48EF-BB3D-1E8E7022E0C6}.Release|Any CPU.ActiveCfg = Release|Any CPU
		{43FDCE3F-5554-48EF-BB3D-1E8E7022E0C6}.Release|Any CPU.Build.0 = Release|Any CPU
		{535CD0A4-2117-4576-8552-4188D7E8E3D4}.Debug|Any CPU.ActiveCfg = Debug|Any CPU
		{535CD0A4-2117-4576-8552-4188D7E8E3D4}.Debug|Any CPU.Build.0 = Debug|Any CPU
		{535CD0A4-2117-4576-8552-4188D7E8E3D4}.Release|Any CPU.ActiveCfg = Release|Any CPU
		{535CD0A4-2117-4576-8552-4188D7E8E3D4}.Release|Any CPU.Build.0 = Release|Any CPU
		{95266F79-613A-42C4-96E2-E1435AD9ED6E}.Debug|Any CPU.ActiveCfg = Debug|Any CPU
		{95266F79-613A-42C4-96E2-E1435AD9ED6E}.Debug|Any CPU.Build.0 = Debug|Any CPU
		{95266F79-613A-42C4-96E2-E1435AD9ED6E}.Release|Any CPU.ActiveCfg = Release|Any CPU
		{95266F79-613A-42C4-96E2-E1435AD9ED6E}.Release|Any CPU.Build.0 = Release|Any CPU
		{E323D375-7972-4892-AD38-CEB8F512F3D2}.Debug|Any CPU.ActiveCfg = Debug|Any CPU
		{E323D375-7972-4892-AD38-CEB8F512F3D2}.Debug|Any CPU.Build.0 = Debug|Any CPU
		{E323D375-7972-4892-AD38-CEB8F512F3D2}.Release|Any CPU.ActiveCfg = Release|Any CPU
		{E323D375-7972-4892-AD38-CEB8F512F3D2}.Release|Any CPU.Build.0 = Release|Any CPU
		{4D3B96B2-89A2-4069-A758-E3547B76666A}.Debug|Any CPU.ActiveCfg = Debug|Any CPU
		{4D3B96B2-89A2-4069-A758-E3547B76666A}.Debug|Any CPU.Build.0 = Debug|Any CPU
		{4D3B96B2-89A2-4069-A758-E3547B76666A}.Release|Any CPU.ActiveCfg = Release|Any CPU
		{4D3B96B2-89A2-4069-A758-E3547B76666A}.Release|Any CPU.Build.0 = Release|Any CPU
		{9538F27E-1E40-41DB-B478-39E0458B933F}.Debug|Any CPU.ActiveCfg = Debug|Any CPU
		{9538F27E-1E40-41DB-B478-39E0458B933F}.Debug|Any CPU.Build.0 = Debug|Any CPU
		{9538F27E-1E40-41DB-B478-39E0458B933F}.Release|Any CPU.ActiveCfg = Release|Any CPU
		{9538F27E-1E40-41DB-B478-39E0458B933F}.Release|Any CPU.Build.0 = Release|Any CPU
		{D506276B-5719-474A-A868-15ED65B4D3B6}.Debug|Any CPU.ActiveCfg = Debug|Any CPU
		{D506276B-5719-474A-A868-15ED65B4D3B6}.Debug|Any CPU.Build.0 = Debug|Any CPU
		{D506276B-5719-474A-A868-15ED65B4D3B6}.Release|Any CPU.ActiveCfg = Release|Any CPU
		{D506276B-5719-474A-A868-15ED65B4D3B6}.Release|Any CPU.Build.0 = Release|Any CPU
		{A0F9AC43-6E42-4E92-92A3-85C2E5CC0986}.Debug|Any CPU.ActiveCfg = Debug|Any CPU
		{A0F9AC43-6E42-4E92-92A3-85C2E5CC0986}.Debug|Any CPU.Build.0 = Debug|Any CPU
		{A0F9AC43-6E42-4E92-92A3-85C2E5CC0986}.Release|Any CPU.ActiveCfg = Release|Any CPU
		{A0F9AC43-6E42-4E92-92A3-85C2E5CC0986}.Release|Any CPU.Build.0 = Release|Any CPU
		{DC58F830-EEE1-45BE-B5F4-AB2222E744A5}.Debug|Any CPU.ActiveCfg = Debug|Any CPU
		{DC58F830-EEE1-45BE-B5F4-AB2222E744A5}.Debug|Any CPU.Build.0 = Debug|Any CPU
		{DC58F830-EEE1-45BE-B5F4-AB2222E744A5}.Release|Any CPU.ActiveCfg = Release|Any CPU
		{DC58F830-EEE1-45BE-B5F4-AB2222E744A5}.Release|Any CPU.Build.0 = Release|Any CPU
		{6299EB3E-5E8C-4D54-AAEB-7B825C96411E}.Debug|Any CPU.ActiveCfg = Debug|Any CPU
		{6299EB3E-5E8C-4D54-AAEB-7B825C96411E}.Debug|Any CPU.Build.0 = Debug|Any CPU
		{6299EB3E-5E8C-4D54-AAEB-7B825C96411E}.Release|Any CPU.ActiveCfg = Release|Any CPU
		{6299EB3E-5E8C-4D54-AAEB-7B825C96411E}.Release|Any CPU.Build.0 = Release|Any CPU
		{C20BE880-52CB-491C-977C-F08702376766}.Debug|Any CPU.ActiveCfg = Debug|Any CPU
		{C20BE880-52CB-491C-977C-F08702376766}.Debug|Any CPU.Build.0 = Debug|Any CPU
		{C20BE880-52CB-491C-977C-F08702376766}.Release|Any CPU.ActiveCfg = Release|Any CPU
		{C20BE880-52CB-491C-977C-F08702376766}.Release|Any CPU.Build.0 = Release|Any CPU
		{6BC54AC2-5273-417E-B7E5-EF990F7A4A37}.Debug|Any CPU.ActiveCfg = Debug|Any CPU
		{6BC54AC2-5273-417E-B7E5-EF990F7A4A37}.Debug|Any CPU.Build.0 = Debug|Any CPU
		{6BC54AC2-5273-417E-B7E5-EF990F7A4A37}.Release|Any CPU.ActiveCfg = Release|Any CPU
		{6BC54AC2-5273-417E-B7E5-EF990F7A4A37}.Release|Any CPU.Build.0 = Release|Any CPU
		{244F6383-BD8E-4B32-8741-F2F114499B1A}.Debug|Any CPU.ActiveCfg = Debug|Any CPU
		{244F6383-BD8E-4B32-8741-F2F114499B1A}.Debug|Any CPU.Build.0 = Debug|Any CPU
		{244F6383-BD8E-4B32-8741-F2F114499B1A}.Release|Any CPU.ActiveCfg = Release|Any CPU
		{244F6383-BD8E-4B32-8741-F2F114499B1A}.Release|Any CPU.Build.0 = Release|Any CPU
		{5D24AAFC-5E31-45B6-A5C0-F2BAC88F3E20}.Debug|Any CPU.ActiveCfg = Debug|Any CPU
		{5D24AAFC-5E31-45B6-A5C0-F2BAC88F3E20}.Debug|Any CPU.Build.0 = Debug|Any CPU
		{5D24AAFC-5E31-45B6-A5C0-F2BAC88F3E20}.Release|Any CPU.ActiveCfg = Release|Any CPU
		{5D24AAFC-5E31-45B6-A5C0-F2BAC88F3E20}.Release|Any CPU.Build.0 = Release|Any CPU
		{9AA5F2CD-3AC4-4177-A8FE-82D67A0F36AC}.Debug|Any CPU.ActiveCfg = Debug|Any CPU
		{9AA5F2CD-3AC4-4177-A8FE-82D67A0F36AC}.Debug|Any CPU.Build.0 = Debug|Any CPU
		{9AA5F2CD-3AC4-4177-A8FE-82D67A0F36AC}.Release|Any CPU.ActiveCfg = Release|Any CPU
		{9AA5F2CD-3AC4-4177-A8FE-82D67A0F36AC}.Release|Any CPU.Build.0 = Release|Any CPU
		{AC651C2B-C879-41E2-96E0-78D3F0888246}.Debug|Any CPU.ActiveCfg = Debug|Any CPU
		{AC651C2B-C879-41E2-96E0-78D3F0888246}.Debug|Any CPU.Build.0 = Debug|Any CPU
		{AC651C2B-C879-41E2-96E0-78D3F0888246}.Release|Any CPU.ActiveCfg = Release|Any CPU
		{AC651C2B-C879-41E2-96E0-78D3F0888246}.Release|Any CPU.Build.0 = Release|Any CPU
		{1302E67D-5448-407B-8B8D-709A0BA458E8}.Debug|Any CPU.ActiveCfg = Debug|Any CPU
		{1302E67D-5448-407B-8B8D-709A0BA458E8}.Debug|Any CPU.Build.0 = Debug|Any CPU
		{1302E67D-5448-407B-8B8D-709A0BA458E8}.Release|Any CPU.ActiveCfg = Release|Any CPU
		{1302E67D-5448-407B-8B8D-709A0BA458E8}.Release|Any CPU.Build.0 = Release|Any CPU
		{5881BB63-89BD-4397-A61C-69B1844F7615}.Debug|Any CPU.ActiveCfg = Debug|Any CPU
		{5881BB63-89BD-4397-A61C-69B1844F7615}.Debug|Any CPU.Build.0 = Debug|Any CPU
		{5881BB63-89BD-4397-A61C-69B1844F7615}.Release|Any CPU.ActiveCfg = Release|Any CPU
		{5881BB63-89BD-4397-A61C-69B1844F7615}.Release|Any CPU.Build.0 = Release|Any CPU
		{EDD1BA76-D656-4513-BC65-FEC688CBB9F8}.Debug|Any CPU.ActiveCfg = Debug|Any CPU
		{EDD1BA76-D656-4513-BC65-FEC688CBB9F8}.Debug|Any CPU.Build.0 = Debug|Any CPU
		{EDD1BA76-D656-4513-BC65-FEC688CBB9F8}.Release|Any CPU.ActiveCfg = Release|Any CPU
		{EDD1BA76-D656-4513-BC65-FEC688CBB9F8}.Release|Any CPU.Build.0 = Release|Any CPU
		{B332222F-43B4-4B3E-8EB3-9BCE29901043}.Debug|Any CPU.ActiveCfg = Debug|Any CPU
		{B332222F-43B4-4B3E-8EB3-9BCE29901043}.Debug|Any CPU.Build.0 = Debug|Any CPU
		{B332222F-43B4-4B3E-8EB3-9BCE29901043}.Release|Any CPU.ActiveCfg = Release|Any CPU
		{B332222F-43B4-4B3E-8EB3-9BCE29901043}.Release|Any CPU.Build.0 = Release|Any CPU
		{DD97337C-37C6-4F0E-A392-2DAD59246616}.Debug|Any CPU.ActiveCfg = Debug|Any CPU
		{DD97337C-37C6-4F0E-A392-2DAD59246616}.Debug|Any CPU.Build.0 = Debug|Any CPU
		{DD97337C-37C6-4F0E-A392-2DAD59246616}.Release|Any CPU.ActiveCfg = Release|Any CPU
		{DD97337C-37C6-4F0E-A392-2DAD59246616}.Release|Any CPU.Build.0 = Release|Any CPU
		{B953D0C1-4C31-489D-A6C6-56A7C60AA3C6}.Debug|Any CPU.ActiveCfg = Debug|Any CPU
		{B953D0C1-4C31-489D-A6C6-56A7C60AA3C6}.Debug|Any CPU.Build.0 = Debug|Any CPU
		{B953D0C1-4C31-489D-A6C6-56A7C60AA3C6}.Release|Any CPU.ActiveCfg = Release|Any CPU
		{B953D0C1-4C31-489D-A6C6-56A7C60AA3C6}.Release|Any CPU.Build.0 = Release|Any CPU
		{571B6C99-2EE7-4300-9E0D-20A3A9C36647}.Debug|Any CPU.ActiveCfg = Debug|Any CPU
		{571B6C99-2EE7-4300-9E0D-20A3A9C36647}.Debug|Any CPU.Build.0 = Debug|Any CPU
		{571B6C99-2EE7-4300-9E0D-20A3A9C36647}.Release|Any CPU.ActiveCfg = Release|Any CPU
		{571B6C99-2EE7-4300-9E0D-20A3A9C36647}.Release|Any CPU.Build.0 = Release|Any CPU
		{6CD2697C-CF93-4A00-8ABF-D3EFF0B9DFF9}.Debug|Any CPU.ActiveCfg = Debug|Any CPU
		{6CD2697C-CF93-4A00-8ABF-D3EFF0B9DFF9}.Debug|Any CPU.Build.0 = Debug|Any CPU
		{6CD2697C-CF93-4A00-8ABF-D3EFF0B9DFF9}.Release|Any CPU.ActiveCfg = Release|Any CPU
		{6CD2697C-CF93-4A00-8ABF-D3EFF0B9DFF9}.Release|Any CPU.Build.0 = Release|Any CPU
		{6FE602FD-DD5F-4BE3-807C-9B13D3B718CE}.Debug|Any CPU.ActiveCfg = Debug|Any CPU
		{6FE602FD-DD5F-4BE3-807C-9B13D3B718CE}.Debug|Any CPU.Build.0 = Debug|Any CPU
		{6FE602FD-DD5F-4BE3-807C-9B13D3B718CE}.Release|Any CPU.ActiveCfg = Release|Any CPU
		{6FE602FD-DD5F-4BE3-807C-9B13D3B718CE}.Release|Any CPU.Build.0 = Release|Any CPU
		{AA05963A-91BA-4B9D-A532-B280E5A9AB88}.Debug|Any CPU.ActiveCfg = Debug|Any CPU
		{AA05963A-91BA-4B9D-A532-B280E5A9AB88}.Debug|Any CPU.Build.0 = Debug|Any CPU
		{AA05963A-91BA-4B9D-A532-B280E5A9AB88}.Release|Any CPU.ActiveCfg = Release|Any CPU
		{AA05963A-91BA-4B9D-A532-B280E5A9AB88}.Release|Any CPU.Build.0 = Release|Any CPU
		{D0713EFF-8FBA-4145-8E57-5DF1CFBBC0EF}.Debug|Any CPU.ActiveCfg = Debug|Any CPU
		{D0713EFF-8FBA-4145-8E57-5DF1CFBBC0EF}.Debug|Any CPU.Build.0 = Debug|Any CPU
		{D0713EFF-8FBA-4145-8E57-5DF1CFBBC0EF}.Release|Any CPU.ActiveCfg = Release|Any CPU
		{D0713EFF-8FBA-4145-8E57-5DF1CFBBC0EF}.Release|Any CPU.Build.0 = Release|Any CPU
		{F276EB53-7758-4CEE-8013-61BA537B94C6}.Debug|Any CPU.ActiveCfg = Debug|Any CPU
		{F276EB53-7758-4CEE-8013-61BA537B94C6}.Debug|Any CPU.Build.0 = Debug|Any CPU
		{F276EB53-7758-4CEE-8013-61BA537B94C6}.Release|Any CPU.ActiveCfg = Release|Any CPU
		{F276EB53-7758-4CEE-8013-61BA537B94C6}.Release|Any CPU.Build.0 = Release|Any CPU
		{C17F7C35-4CAD-408F-9031-44EF1A3CC379}.Debug|Any CPU.ActiveCfg = Debug|Any CPU
		{C17F7C35-4CAD-408F-9031-44EF1A3CC379}.Debug|Any CPU.Build.0 = Debug|Any CPU
		{C17F7C35-4CAD-408F-9031-44EF1A3CC379}.Release|Any CPU.ActiveCfg = Release|Any CPU
		{C17F7C35-4CAD-408F-9031-44EF1A3CC379}.Release|Any CPU.Build.0 = Release|Any CPU
		{337B29EB-54B4-43BF-8ADC-A5B3D11538AF}.Debug|Any CPU.ActiveCfg = Debug|Any CPU
		{337B29EB-54B4-43BF-8ADC-A5B3D11538AF}.Debug|Any CPU.Build.0 = Debug|Any CPU
		{337B29EB-54B4-43BF-8ADC-A5B3D11538AF}.Release|Any CPU.ActiveCfg = Release|Any CPU
		{337B29EB-54B4-43BF-8ADC-A5B3D11538AF}.Release|Any CPU.Build.0 = Release|Any CPU
		{92406BD8-0270-4BF9-B860-D1AE6508DF8C}.Debug|Any CPU.ActiveCfg = Debug|Any CPU
		{92406BD8-0270-4BF9-B860-D1AE6508DF8C}.Debug|Any CPU.Build.0 = Debug|Any CPU
		{92406BD8-0270-4BF9-B860-D1AE6508DF8C}.Release|Any CPU.ActiveCfg = Release|Any CPU
		{92406BD8-0270-4BF9-B860-D1AE6508DF8C}.Release|Any CPU.Build.0 = Release|Any CPU
		{15B9B8C8-6935-423A-9328-E5D5E48F26AA}.Debug|Any CPU.ActiveCfg = Debug|Any CPU
		{15B9B8C8-6935-423A-9328-E5D5E48F26AA}.Debug|Any CPU.Build.0 = Debug|Any CPU
		{15B9B8C8-6935-423A-9328-E5D5E48F26AA}.Release|Any CPU.ActiveCfg = Release|Any CPU
		{15B9B8C8-6935-423A-9328-E5D5E48F26AA}.Release|Any CPU.Build.0 = Release|Any CPU
		{2E69E8B9-6D16-4B81-B9A7-9EB106A75D8C}.Debug|Any CPU.ActiveCfg = Debug|Any CPU
		{2E69E8B9-6D16-4B81-B9A7-9EB106A75D8C}.Debug|Any CPU.Build.0 = Debug|Any CPU
		{2E69E8B9-6D16-4B81-B9A7-9EB106A75D8C}.Release|Any CPU.ActiveCfg = Release|Any CPU
		{2E69E8B9-6D16-4B81-B9A7-9EB106A75D8C}.Release|Any CPU.Build.0 = Release|Any CPU
		{4B03B049-8D29-4C8A-BA00-88B93D3C0BC1}.Debug|Any CPU.ActiveCfg = Debug|Any CPU
		{4B03B049-8D29-4C8A-BA00-88B93D3C0BC1}.Debug|Any CPU.Build.0 = Debug|Any CPU
		{4B03B049-8D29-4C8A-BA00-88B93D3C0BC1}.Release|Any CPU.ActiveCfg = Release|Any CPU
		{4B03B049-8D29-4C8A-BA00-88B93D3C0BC1}.Release|Any CPU.Build.0 = Release|Any CPU
		{9AC900E8-6D03-412B-8D9B-302FD0FBD059}.Debug|Any CPU.ActiveCfg = Debug|Any CPU
		{9AC900E8-6D03-412B-8D9B-302FD0FBD059}.Debug|Any CPU.Build.0 = Debug|Any CPU
		{9AC900E8-6D03-412B-8D9B-302FD0FBD059}.Release|Any CPU.ActiveCfg = Release|Any CPU
		{9AC900E8-6D03-412B-8D9B-302FD0FBD059}.Release|Any CPU.Build.0 = Release|Any CPU
		{C66A6EDB-D29A-49EE-841E-75F239DE5A04}.Debug|Any CPU.ActiveCfg = Debug|Any CPU
		{C66A6EDB-D29A-49EE-841E-75F239DE5A04}.Debug|Any CPU.Build.0 = Debug|Any CPU
		{C66A6EDB-D29A-49EE-841E-75F239DE5A04}.Release|Any CPU.ActiveCfg = Release|Any CPU
		{C66A6EDB-D29A-49EE-841E-75F239DE5A04}.Release|Any CPU.Build.0 = Release|Any CPU
		{86614CB9-0768-40BF-8C27-699E3990B733}.Debug|Any CPU.ActiveCfg = Debug|Any CPU
		{86614CB9-0768-40BF-8C27-699E3990B733}.Debug|Any CPU.Build.0 = Debug|Any CPU
		{86614CB9-0768-40BF-8C27-699E3990B733}.Release|Any CPU.ActiveCfg = Release|Any CPU
		{86614CB9-0768-40BF-8C27-699E3990B733}.Release|Any CPU.Build.0 = Release|Any CPU
		{ED8A220C-45FE-45C6-9B8F-BB009ACE972E}.Debug|Any CPU.ActiveCfg = Debug|Any CPU
		{ED8A220C-45FE-45C6-9B8F-BB009ACE972E}.Debug|Any CPU.Build.0 = Debug|Any CPU
		{ED8A220C-45FE-45C6-9B8F-BB009ACE972E}.Release|Any CPU.ActiveCfg = Release|Any CPU
		{ED8A220C-45FE-45C6-9B8F-BB009ACE972E}.Release|Any CPU.Build.0 = Release|Any CPU
		{7C2E82CE-F6EC-41A8-AA22-3466505F95D8}.Debug|Any CPU.ActiveCfg = Debug|Any CPU
		{7C2E82CE-F6EC-41A8-AA22-3466505F95D8}.Debug|Any CPU.Build.0 = Debug|Any CPU
		{7C2E82CE-F6EC-41A8-AA22-3466505F95D8}.Release|Any CPU.ActiveCfg = Release|Any CPU
		{7C2E82CE-F6EC-41A8-AA22-3466505F95D8}.Release|Any CPU.Build.0 = Release|Any CPU
	EndGlobalSection
	GlobalSection(SolutionProperties) = preSolution
		HideSolutionNode = FALSE
	EndGlobalSection
	GlobalSection(NestedProjects) = preSolution
		{9DFEE19E-C170-4F20-93F3-EC952B1532F2} = {C1352FD3-AE8B-43EE-B45B-F6E0B3FBAC6D}
		{68631868-902A-46FB-9A44-BACF1812FBDE} = {BAC7067D-88FE-4385-8AC9-1A325FFBDE69}
		{0351689C-EAB7-42D0-966F-4021B89EF553} = {C1352FD3-AE8B-43EE-B45B-F6E0B3FBAC6D}
		{38E5DB77-7F35-4E3C-9719-8A25CE4130CA} = {C1352FD3-AE8B-43EE-B45B-F6E0B3FBAC6D}
		{F79E8D15-F296-424C-A50E-AE39EB2C609F} = {C1352FD3-AE8B-43EE-B45B-F6E0B3FBAC6D}
		{BE72BFAD-2B7A-43D6-9B75-21456852C63A} = {C1352FD3-AE8B-43EE-B45B-F6E0B3FBAC6D}
		{9E09DCBC-20DB-4CD8-8A6D-5FA1958EEF14} = {C1352FD3-AE8B-43EE-B45B-F6E0B3FBAC6D}
		{01CFAA4D-C8E9-45A3-B8A6-3AF0BEC9048C} = {C1352FD3-AE8B-43EE-B45B-F6E0B3FBAC6D}
		{43FDCE3F-5554-48EF-BB3D-1E8E7022E0C6} = {C1352FD3-AE8B-43EE-B45B-F6E0B3FBAC6D}
		{535CD0A4-2117-4576-8552-4188D7E8E3D4} = {C1352FD3-AE8B-43EE-B45B-F6E0B3FBAC6D}
		{95266F79-613A-42C4-96E2-E1435AD9ED6E} = {C1352FD3-AE8B-43EE-B45B-F6E0B3FBAC6D}
		{E323D375-7972-4892-AD38-CEB8F512F3D2} = {C1352FD3-AE8B-43EE-B45B-F6E0B3FBAC6D}
		{4D3B96B2-89A2-4069-A758-E3547B76666A} = {C1352FD3-AE8B-43EE-B45B-F6E0B3FBAC6D}
		{9538F27E-1E40-41DB-B478-39E0458B933F} = {C1352FD3-AE8B-43EE-B45B-F6E0B3FBAC6D}
		{D506276B-5719-474A-A868-15ED65B4D3B6} = {C1352FD3-AE8B-43EE-B45B-F6E0B3FBAC6D}
		{A0F9AC43-6E42-4E92-92A3-85C2E5CC0986} = {C1352FD3-AE8B-43EE-B45B-F6E0B3FBAC6D}
		{DC58F830-EEE1-45BE-B5F4-AB2222E744A5} = {C1352FD3-AE8B-43EE-B45B-F6E0B3FBAC6D}
		{6299EB3E-5E8C-4D54-AAEB-7B825C96411E} = {C1352FD3-AE8B-43EE-B45B-F6E0B3FBAC6D}
		{C20BE880-52CB-491C-977C-F08702376766} = {C1352FD3-AE8B-43EE-B45B-F6E0B3FBAC6D}
		{6BC54AC2-5273-417E-B7E5-EF990F7A4A37} = {C1352FD3-AE8B-43EE-B45B-F6E0B3FBAC6D}
		{244F6383-BD8E-4B32-8741-F2F114499B1A} = {C1352FD3-AE8B-43EE-B45B-F6E0B3FBAC6D}
		{5D24AAFC-5E31-45B6-A5C0-F2BAC88F3E20} = {C1352FD3-AE8B-43EE-B45B-F6E0B3FBAC6D}
		{9AA5F2CD-3AC4-4177-A8FE-82D67A0F36AC} = {C1352FD3-AE8B-43EE-B45B-F6E0B3FBAC6D}
		{AC651C2B-C879-41E2-96E0-78D3F0888246} = {C1352FD3-AE8B-43EE-B45B-F6E0B3FBAC6D}
		{1302E67D-5448-407B-8B8D-709A0BA458E8} = {C1352FD3-AE8B-43EE-B45B-F6E0B3FBAC6D}
		{5881BB63-89BD-4397-A61C-69B1844F7615} = {C1352FD3-AE8B-43EE-B45B-F6E0B3FBAC6D}
		{EDD1BA76-D656-4513-BC65-FEC688CBB9F8} = {C1352FD3-AE8B-43EE-B45B-F6E0B3FBAC6D}
		{B332222F-43B4-4B3E-8EB3-9BCE29901043} = {C1352FD3-AE8B-43EE-B45B-F6E0B3FBAC6D}
		{DD97337C-37C6-4F0E-A392-2DAD59246616} = {C1352FD3-AE8B-43EE-B45B-F6E0B3FBAC6D}
		{B953D0C1-4C31-489D-A6C6-56A7C60AA3C6} = {C1352FD3-AE8B-43EE-B45B-F6E0B3FBAC6D}
		{571B6C99-2EE7-4300-9E0D-20A3A9C36647} = {C1352FD3-AE8B-43EE-B45B-F6E0B3FBAC6D}
		{6CD2697C-CF93-4A00-8ABF-D3EFF0B9DFF9} = {C1352FD3-AE8B-43EE-B45B-F6E0B3FBAC6D}
		{6FE602FD-DD5F-4BE3-807C-9B13D3B718CE} = {C1352FD3-AE8B-43EE-B45B-F6E0B3FBAC6D}
		{AA05963A-91BA-4B9D-A532-B280E5A9AB88} = {C1352FD3-AE8B-43EE-B45B-F6E0B3FBAC6D}
		{D0713EFF-8FBA-4145-8E57-5DF1CFBBC0EF} = {C1352FD3-AE8B-43EE-B45B-F6E0B3FBAC6D}
		{F276EB53-7758-4CEE-8013-61BA537B94C6} = {C1352FD3-AE8B-43EE-B45B-F6E0B3FBAC6D}
		{C17F7C35-4CAD-408F-9031-44EF1A3CC379} = {C1352FD3-AE8B-43EE-B45B-F6E0B3FBAC6D}
		{337B29EB-54B4-43BF-8ADC-A5B3D11538AF} = {C1352FD3-AE8B-43EE-B45B-F6E0B3FBAC6D}
		{92406BD8-0270-4BF9-B860-D1AE6508DF8C} = {C1352FD3-AE8B-43EE-B45B-F6E0B3FBAC6D}
		{15B9B8C8-6935-423A-9328-E5D5E48F26AA} = {C1352FD3-AE8B-43EE-B45B-F6E0B3FBAC6D}
		{2E69E8B9-6D16-4B81-B9A7-9EB106A75D8C} = {C1352FD3-AE8B-43EE-B45B-F6E0B3FBAC6D}
		{4B03B049-8D29-4C8A-BA00-88B93D3C0BC1} = {C1352FD3-AE8B-43EE-B45B-F6E0B3FBAC6D}
		{9AC900E8-6D03-412B-8D9B-302FD0FBD059} = {C1352FD3-AE8B-43EE-B45B-F6E0B3FBAC6D}
		{C66A6EDB-D29A-49EE-841E-75F239DE5A04} = {C1352FD3-AE8B-43EE-B45B-F6E0B3FBAC6D}
		{86614CB9-0768-40BF-8C27-699E3990B733} = {C1352FD3-AE8B-43EE-B45B-F6E0B3FBAC6D}
		{ED8A220C-45FE-45C6-9B8F-BB009ACE972E} = {C1352FD3-AE8B-43EE-B45B-F6E0B3FBAC6D}
		{7C2E82CE-F6EC-41A8-AA22-3466505F95D8} = {C1352FD3-AE8B-43EE-B45B-F6E0B3FBAC6D}
	EndGlobalSection
	GlobalSection(ExtensibilityGlobals) = postSolution
		SolutionGuid = {C7B54DE2-6407-4802-AD9C-CE54BF414C8C}
	EndGlobalSection
EndGlobal
